// !$*UTF8*$!
{
	archiveVersion = 1;
	classes = {
	};
	objectVersion = 56;
	objects = {

/* Begin PBXBuildFile section */
		EF2614272BD0E450007A9C76 /* iTinder_SwiftUIApp.swift in Sources */ = {isa = PBXBuildFile; fileRef = EF2614262BD0E450007A9C76 /* iTinder_SwiftUIApp.swift */; };
		EF2614292BD0E450007A9C76 /* ContentView.swift in Sources */ = {isa = PBXBuildFile; fileRef = EF2614282BD0E450007A9C76 /* ContentView.swift */; };
		EF26142D2BD0E451007A9C76 /* Assets.xcassets in Resources */ = {isa = PBXBuildFile; fileRef = EF26142C2BD0E451007A9C76 /* Assets.xcassets */; };
		EF2614302BD0E451007A9C76 /* Preview Assets.xcassets in Resources */ = {isa = PBXBuildFile; fileRef = EF26142F2BD0E451007A9C76 /* Preview Assets.xcassets */; };
		EF2614442BD0E550007A9C76 /* MainTabView.swift in Sources */ = {isa = PBXBuildFile; fileRef = EF2614432BD0E550007A9C76 /* MainTabView.swift */; };
		EF2614472BD0E86C007A9C76 /* PhosphorSwift in Frameworks */ = {isa = PBXBuildFile; productRef = EF2614462BD0E86C007A9C76 /* PhosphorSwift */; };
		EF26144A2BD0EE4F007A9C76 /* CardView.swift in Sources */ = {isa = PBXBuildFile; fileRef = EF2614492BD0EE4F007A9C76 /* CardView.swift */; };
		EF26144D2BD0EF65007A9C76 /* SDWebImageSwiftUI in Frameworks */ = {isa = PBXBuildFile; productRef = EF26144C2BD0EF65007A9C76 /* SDWebImageSwiftUI */; };
		EF26144F2BD0F2D5007A9C76 /* UserInfoView.swift in Sources */ = {isa = PBXBuildFile; fileRef = EF26144E2BD0F2D5007A9C76 /* UserInfoView.swift */; };
		EF2614512BD0FFED007A9C76 /* SwipeActionIndicatorView.swift in Sources */ = {isa = PBXBuildFile; fileRef = EF2614502BD0FFED007A9C76 /* SwipeActionIndicatorView.swift */; };
		EF2614532BD1050A007A9C76 /* SizeConstants.swift in Sources */ = {isa = PBXBuildFile; fileRef = EF2614522BD1050A007A9C76 /* SizeConstants.swift */; };
		EFDD94142BEC71E900A71881 /* CardStackView.swift in Sources */ = {isa = PBXBuildFile; fileRef = EFDD94132BEC71E900A71881 /* CardStackView.swift */; };
		EFDD94182BEC734300A71881 /* User.swift in Sources */ = {isa = PBXBuildFile; fileRef = EFDD94172BEC734300A71881 /* User.swift */; };
		EFDD941B2BEC73A400A71881 /* CardModel.swift in Sources */ = {isa = PBXBuildFile; fileRef = EFDD941A2BEC73A400A71881 /* CardModel.swift */; };
		EFDD941E2BEC73F700A71881 /* CardsViewModel.swift in Sources */ = {isa = PBXBuildFile; fileRef = EFDD941D2BEC73F700A71881 /* CardsViewModel.swift */; };
		EFDD94212BEC745E00A71881 /* CardService.swift in Sources */ = {isa = PBXBuildFile; fileRef = EFDD94202BEC745E00A71881 /* CardService.swift */; };
		EFDD94242BEC775800A71881 /* MockData.swift in Sources */ = {isa = PBXBuildFile; fileRef = EFDD94232BEC775800A71881 /* MockData.swift */; };
		EFDD94262BEC7C0F00A71881 /* ImageScrollingOverlay.swift in Sources */ = {isa = PBXBuildFile; fileRef = EFDD94252BEC7C0F00A71881 /* ImageScrollingOverlay.swift */; };
		EFDD942A2BEC818F00A71881 /* CardImageIndicatorView.swift in Sources */ = {isa = PBXBuildFile; fileRef = EFDD94292BEC818F00A71881 /* CardImageIndicatorView.swift */; };
		EFDD942D2BEC8F3E00A71881 /* ShimmerView.swift in Sources */ = {isa = PBXBuildFile; fileRef = EFDD942C2BEC8F3E00A71881 /* ShimmerView.swift */; };
		EFDD94302BEC905E00A71881 /* Shimmer in Frameworks */ = {isa = PBXBuildFile; productRef = EFDD942F2BEC905E00A71881 /* Shimmer */; };
/* End PBXBuildFile section */

/* Begin PBXFileReference section */
		EF2614232BD0E450007A9C76 /* iTinder-SwiftUI.app */ = {isa = PBXFileReference; explicitFileType = wrapper.application; includeInIndex = 0; path = "iTinder-SwiftUI.app"; sourceTree = BUILT_PRODUCTS_DIR; };
		EF2614262BD0E450007A9C76 /* iTinder_SwiftUIApp.swift */ = {isa = PBXFileReference; lastKnownFileType = sourcecode.swift; path = iTinder_SwiftUIApp.swift; sourceTree = "<group>"; };
		EF2614282BD0E450007A9C76 /* ContentView.swift */ = {isa = PBXFileReference; lastKnownFileType = sourcecode.swift; path = ContentView.swift; sourceTree = "<group>"; };
		EF26142C2BD0E451007A9C76 /* Assets.xcassets */ = {isa = PBXFileReference; lastKnownFileType = folder.assetcatalog; path = Assets.xcassets; sourceTree = "<group>"; };
		EF26142F2BD0E451007A9C76 /* Preview Assets.xcassets */ = {isa = PBXFileReference; lastKnownFileType = folder.assetcatalog; path = "Preview Assets.xcassets"; sourceTree = "<group>"; };
		EF2614432BD0E550007A9C76 /* MainTabView.swift */ = {isa = PBXFileReference; lastKnownFileType = sourcecode.swift; path = MainTabView.swift; sourceTree = "<group>"; };
		EF2614492BD0EE4F007A9C76 /* CardView.swift */ = {isa = PBXFileReference; lastKnownFileType = sourcecode.swift; path = CardView.swift; sourceTree = "<group>"; };
		EF26144E2BD0F2D5007A9C76 /* UserInfoView.swift */ = {isa = PBXFileReference; lastKnownFileType = sourcecode.swift; path = UserInfoView.swift; sourceTree = "<group>"; };
		EF2614502BD0FFED007A9C76 /* SwipeActionIndicatorView.swift */ = {isa = PBXFileReference; lastKnownFileType = sourcecode.swift; path = SwipeActionIndicatorView.swift; sourceTree = "<group>"; };
		EF2614522BD1050A007A9C76 /* SizeConstants.swift */ = {isa = PBXFileReference; lastKnownFileType = sourcecode.swift; path = SizeConstants.swift; sourceTree = "<group>"; };
		EFDD94132BEC71E900A71881 /* CardStackView.swift */ = {isa = PBXFileReference; lastKnownFileType = sourcecode.swift; path = CardStackView.swift; sourceTree = "<group>"; };
		EFDD94172BEC734300A71881 /* User.swift */ = {isa = PBXFileReference; lastKnownFileType = sourcecode.swift; path = User.swift; sourceTree = "<group>"; };
		EFDD941A2BEC73A400A71881 /* CardModel.swift */ = {isa = PBXFileReference; lastKnownFileType = sourcecode.swift; path = CardModel.swift; sourceTree = "<group>"; };
		EFDD941D2BEC73F700A71881 /* CardsViewModel.swift */ = {isa = PBXFileReference; lastKnownFileType = sourcecode.swift; path = CardsViewModel.swift; sourceTree = "<group>"; };
		EFDD94202BEC745E00A71881 /* CardService.swift */ = {isa = PBXFileReference; lastKnownFileType = sourcecode.swift; path = CardService.swift; sourceTree = "<group>"; };
		EFDD94232BEC775800A71881 /* MockData.swift */ = {isa = PBXFileReference; lastKnownFileType = sourcecode.swift; path = MockData.swift; sourceTree = "<group>"; };
		EFDD94252BEC7C0F00A71881 /* ImageScrollingOverlay.swift */ = {isa = PBXFileReference; lastKnownFileType = sourcecode.swift; path = ImageScrollingOverlay.swift; sourceTree = "<group>"; };
		EFDD94292BEC818F00A71881 /* CardImageIndicatorView.swift */ = {isa = PBXFileReference; lastKnownFileType = sourcecode.swift; path = CardImageIndicatorView.swift; sourceTree = "<group>"; };
		EFDD942C2BEC8F3E00A71881 /* ShimmerView.swift */ = {isa = PBXFileReference; lastKnownFileType = sourcecode.swift; path = ShimmerView.swift; sourceTree = "<group>"; };
/* End PBXFileReference section */

/* Begin PBXFrameworksBuildPhase section */
		EF2614202BD0E450007A9C76 /* Frameworks */ = {
			isa = PBXFrameworksBuildPhase;
			buildActionMask = 2147483647;
			files = (
				EFDD94302BEC905E00A71881 /* Shimmer in Frameworks */,
				EF26144D2BD0EF65007A9C76 /* SDWebImageSwiftUI in Frameworks */,
				EF2614472BD0E86C007A9C76 /* PhosphorSwift in Frameworks */,
			);
			runOnlyForDeploymentPostprocessing = 0;
		};
/* End PBXFrameworksBuildPhase section */

/* Begin PBXGroup section */
		EF26141A2BD0E450007A9C76 = {
			isa = PBXGroup;
			children = (
				EF2614252BD0E450007A9C76 /* iTinder-SwiftUI */,
				EF2614242BD0E450007A9C76 /* Products */,
			);
			sourceTree = "<group>";
		};
		EF2614242BD0E450007A9C76 /* Products */ = {
			isa = PBXGroup;
			children = (
				EF2614232BD0E450007A9C76 /* iTinder-SwiftUI.app */,
			);
			name = Products;
			sourceTree = "<group>";
		};
		EF2614252BD0E450007A9C76 /* iTinder-SwiftUI */ = {
			isa = PBXGroup;
			children = (
				EF26143D2BD0E4CF007A9C76 /* Utils */,
				EF26143C2BD0E4CA007A9C76 /* Shared */,
				EF26143B2BD0E4C3007A9C76 /* Extensions */,
				EF2614392BD0E49F007A9C76 /* Core */,
				EF2614362BD0E488007A9C76 /* App */,
				EF2614282BD0E450007A9C76 /* ContentView.swift */,
				EF26142C2BD0E451007A9C76 /* Assets.xcassets */,
				EF26142E2BD0E451007A9C76 /* Preview Content */,
			);
			path = "iTinder-SwiftUI";
			sourceTree = "<group>";
		};
		EF26142E2BD0E451007A9C76 /* Preview Content */ = {
			isa = PBXGroup;
			children = (
				EF26142F2BD0E451007A9C76 /* Preview Assets.xcassets */,
			);
			path = "Preview Content";
			sourceTree = "<group>";
		};
		EF2614362BD0E488007A9C76 /* App */ = {
			isa = PBXGroup;
			children = (
				EF2614262BD0E450007A9C76 /* iTinder_SwiftUIApp.swift */,
			);
			path = App;
			sourceTree = "<group>";
		};
		EF2614392BD0E49F007A9C76 /* Core */ = {
			isa = PBXGroup;
			children = (
				EF26143F2BD0E4F7007A9C76 /* Cards */,
				EF2614422BD0E505007A9C76 /* Messaging */,
				EF2614402BD0E4FB007A9C76 /* Profile */,
				EF2614412BD0E500007A9C76 /* Search */,
				EF26143E2BD0E4EF007A9C76 /* TabBar */,
			);
			path = Core;
			sourceTree = "<group>";
		};
		EF26143B2BD0E4C3007A9C76 /* Extensions */ = {
			isa = PBXGroup;
			children = (
			);
			path = Extensions;
			sourceTree = "<group>";
		};
		EF26143C2BD0E4CA007A9C76 /* Shared */ = {
			isa = PBXGroup;
			children = (
				EFDD942B2BEC8F3100A71881 /* Views */,
				EFDD94152BEC733400A71881 /* Users */,
			);
			path = Shared;
			sourceTree = "<group>";
		};
		EF26143D2BD0E4CF007A9C76 /* Utils */ = {
			isa = PBXGroup;
			children = (
				EFDD94222BEC774600A71881 /* Mock */,
				EF2614542BD1050F007A9C76 /* Constants */,
			);
			path = Utils;
			sourceTree = "<group>";
		};
		EF26143E2BD0E4EF007A9C76 /* TabBar */ = {
			isa = PBXGroup;
			children = (
				EF2614432BD0E550007A9C76 /* MainTabView.swift */,
			);
			path = TabBar;
			sourceTree = "<group>";
		};
		EF26143F2BD0E4F7007A9C76 /* Cards */ = {
			isa = PBXGroup;
			children = (
				EFDD941F2BEC745300A71881 /* Service */,
				EFDD941C2BEC73EA00A71881 /* ViewModel */,
				EFDD94192BEC739500A71881 /* Models */,
				EF2614482BD0EE44007A9C76 /* Views */,
			);
			path = Cards;
			sourceTree = "<group>";
		};
		EF2614402BD0E4FB007A9C76 /* Profile */ = {
			isa = PBXGroup;
			children = (
			);
			path = Profile;
			sourceTree = "<group>";
		};
		EF2614412BD0E500007A9C76 /* Search */ = {
			isa = PBXGroup;
			children = (
			);
			path = Search;
			sourceTree = "<group>";
		};
		EF2614422BD0E505007A9C76 /* Messaging */ = {
			isa = PBXGroup;
			children = (
			);
			path = Messaging;
			sourceTree = "<group>";
		};
		EF2614482BD0EE44007A9C76 /* Views */ = {
			isa = PBXGroup;
			children = (
				EF2614492BD0EE4F007A9C76 /* CardView.swift */,
				EF26144E2BD0F2D5007A9C76 /* UserInfoView.swift */,
				EF2614502BD0FFED007A9C76 /* SwipeActionIndicatorView.swift */,
				EFDD94132BEC71E900A71881 /* CardStackView.swift */,
				EFDD94252BEC7C0F00A71881 /* ImageScrollingOverlay.swift */,
				EFDD94292BEC818F00A71881 /* CardImageIndicatorView.swift */,
			);
			path = Views;
			sourceTree = "<group>";
		};
		EF2614542BD1050F007A9C76 /* Constants */ = {
			isa = PBXGroup;
			children = (
				EF2614522BD1050A007A9C76 /* SizeConstants.swift */,
			);
			path = Constants;
			sourceTree = "<group>";
		};
		EFDD94152BEC733400A71881 /* Users */ = {
			isa = PBXGroup;
			children = (
				EFDD94162BEC733900A71881 /* Models */,
			);
			path = Users;
			sourceTree = "<group>";
		};
		EFDD94162BEC733900A71881 /* Models */ = {
			isa = PBXGroup;
			children = (
				EFDD94172BEC734300A71881 /* User.swift */,
			);
			path = Models;
			sourceTree = "<group>";
		};
		EFDD94192BEC739500A71881 /* Models */ = {
			isa = PBXGroup;
			children = (
				EFDD941A2BEC73A400A71881 /* CardModel.swift */,
			);
			path = Models;
			sourceTree = "<group>";
		};
		EFDD941C2BEC73EA00A71881 /* ViewModel */ = {
			isa = PBXGroup;
			children = (
				EFDD941D2BEC73F700A71881 /* CardsViewModel.swift */,
			);
			path = ViewModel;
			sourceTree = "<group>";
		};
		EFDD941F2BEC745300A71881 /* Service */ = {
			isa = PBXGroup;
			children = (
				EFDD94202BEC745E00A71881 /* CardService.swift */,
			);
			path = Service;
			sourceTree = "<group>";
		};
		EFDD94222BEC774600A71881 /* Mock */ = {
			isa = PBXGroup;
			children = (
				EFDD94232BEC775800A71881 /* MockData.swift */,
			);
			path = Mock;
			sourceTree = "<group>";
		};
		EFDD942B2BEC8F3100A71881 /* Views */ = {
			isa = PBXGroup;
			children = (
				EFDD942C2BEC8F3E00A71881 /* ShimmerView.swift */,
			);
			path = Views;
			sourceTree = "<group>";
		};
/* End PBXGroup section */

/* Begin PBXNativeTarget section */
		EF2614222BD0E450007A9C76 /* iTinder-SwiftUI */ = {
			isa = PBXNativeTarget;
			buildConfigurationList = EF2614332BD0E451007A9C76 /* Build configuration list for PBXNativeTarget "iTinder-SwiftUI" */;
			buildPhases = (
				EF26141F2BD0E450007A9C76 /* Sources */,
				EF2614202BD0E450007A9C76 /* Frameworks */,
				EF2614212BD0E450007A9C76 /* Resources */,
			);
			buildRules = (
			);
			dependencies = (
			);
			name = "iTinder-SwiftUI";
			packageProductDependencies = (
				EF2614462BD0E86C007A9C76 /* PhosphorSwift */,
				EF26144C2BD0EF65007A9C76 /* SDWebImageSwiftUI */,
				EFDD942F2BEC905E00A71881 /* Shimmer */,
			);
			productName = "iTinder-SwiftUI";
			productReference = EF2614232BD0E450007A9C76 /* iTinder-SwiftUI.app */;
			productType = "com.apple.product-type.application";
		};
/* End PBXNativeTarget section */

/* Begin PBXProject section */
		EF26141B2BD0E450007A9C76 /* Project object */ = {
			isa = PBXProject;
			attributes = {
				BuildIndependentTargetsInParallel = 1;
				LastSwiftUpdateCheck = 1530;
				LastUpgradeCheck = 1530;
				TargetAttributes = {
					EF2614222BD0E450007A9C76 = {
						CreatedOnToolsVersion = 15.3;
					};
				};
			};
			buildConfigurationList = EF26141E2BD0E450007A9C76 /* Build configuration list for PBXProject "iTinder-SwiftUI" */;
			compatibilityVersion = "Xcode 14.0";
			developmentRegion = en;
			hasScannedForEncodings = 0;
			knownRegions = (
				en,
				Base,
			);
			mainGroup = EF26141A2BD0E450007A9C76;
			packageReferences = (
				EF2614452BD0E86C007A9C76 /* XCRemoteSwiftPackageReference "swift" */,
				EF26144B2BD0EF65007A9C76 /* XCRemoteSwiftPackageReference "SDWebImageSwiftUI" */,
				EFDD942E2BEC905E00A71881 /* XCRemoteSwiftPackageReference "SwiftUI-Shimmer" */,
			);
			productRefGroup = EF2614242BD0E450007A9C76 /* Products */;
			projectDirPath = "";
			projectRoot = "";
			targets = (
				EF2614222BD0E450007A9C76 /* iTinder-SwiftUI */,
			);
		};
/* End PBXProject section */

/* Begin PBXResourcesBuildPhase section */
		EF2614212BD0E450007A9C76 /* Resources */ = {
			isa = PBXResourcesBuildPhase;
			buildActionMask = 2147483647;
			files = (
				EF2614302BD0E451007A9C76 /* Preview Assets.xcassets in Resources */,
				EF26142D2BD0E451007A9C76 /* Assets.xcassets in Resources */,
			);
			runOnlyForDeploymentPostprocessing = 0;
		};
/* End PBXResourcesBuildPhase section */

/* Begin PBXSourcesBuildPhase section */
		EF26141F2BD0E450007A9C76 /* Sources */ = {
			isa = PBXSourcesBuildPhase;
			buildActionMask = 2147483647;
			files = (
				EF2614292BD0E450007A9C76 /* ContentView.swift in Sources */,
				EFDD94142BEC71E900A71881 /* CardStackView.swift in Sources */,
				EF2614512BD0FFED007A9C76 /* SwipeActionIndicatorView.swift in Sources */,
				EFDD94242BEC775800A71881 /* MockData.swift in Sources */,
				EFDD942A2BEC818F00A71881 /* CardImageIndicatorView.swift in Sources */,
				EFDD941E2BEC73F700A71881 /* CardsViewModel.swift in Sources */,
				EF2614272BD0E450007A9C76 /* iTinder_SwiftUIApp.swift in Sources */,
				EF26144A2BD0EE4F007A9C76 /* CardView.swift in Sources */,
				EFDD94182BEC734300A71881 /* User.swift in Sources */,
				EFDD94262BEC7C0F00A71881 /* ImageScrollingOverlay.swift in Sources */,
				EFDD94212BEC745E00A71881 /* CardService.swift in Sources */,
				EF2614532BD1050A007A9C76 /* SizeConstants.swift in Sources */,
				EFDD942D2BEC8F3E00A71881 /* ShimmerView.swift in Sources */,
				EF2614442BD0E550007A9C76 /* MainTabView.swift in Sources */,
				EF26144F2BD0F2D5007A9C76 /* UserInfoView.swift in Sources */,
				EFDD941B2BEC73A400A71881 /* CardModel.swift in Sources */,
			);
			runOnlyForDeploymentPostprocessing = 0;
		};
/* End PBXSourcesBuildPhase section */

/* Begin XCBuildConfiguration section */
		EF2614312BD0E451007A9C76 /* Debug */ = {
			isa = XCBuildConfiguration;
			buildSettings = {
				ALWAYS_SEARCH_USER_PATHS = NO;
				ASSETCATALOG_COMPILER_GENERATE_SWIFT_ASSET_SYMBOL_EXTENSIONS = YES;
				CLANG_ANALYZER_NONNULL = YES;
				CLANG_ANALYZER_NUMBER_OBJECT_CONVERSION = YES_AGGRESSIVE;
				CLANG_CXX_LANGUAGE_STANDARD = "gnu++20";
				CLANG_ENABLE_MODULES = YES;
				CLANG_ENABLE_OBJC_ARC = YES;
				CLANG_ENABLE_OBJC_WEAK = YES;
				CLANG_WARN_BLOCK_CAPTURE_AUTORELEASING = YES;
				CLANG_WARN_BOOL_CONVERSION = YES;
				CLANG_WARN_COMMA = YES;
				CLANG_WARN_CONSTANT_CONVERSION = YES;
				CLANG_WARN_DEPRECATED_OBJC_IMPLEMENTATIONS = YES;
				CLANG_WARN_DIRECT_OBJC_ISA_USAGE = YES_ERROR;
				CLANG_WARN_DOCUMENTATION_COMMENTS = YES;
				CLANG_WARN_EMPTY_BODY = YES;
				CLANG_WARN_ENUM_CONVERSION = YES;
				CLANG_WARN_INFINITE_RECURSION = YES;
				CLANG_WARN_INT_CONVERSION = YES;
				CLANG_WARN_NON_LITERAL_NULL_CONVERSION = YES;
				CLANG_WARN_OBJC_IMPLICIT_RETAIN_SELF = YES;
				CLANG_WARN_OBJC_LITERAL_CONVERSION = YES;
				CLANG_WARN_OBJC_ROOT_CLASS = YES_ERROR;
				CLANG_WARN_QUOTED_INCLUDE_IN_FRAMEWORK_HEADER = YES;
				CLANG_WARN_RANGE_LOOP_ANALYSIS = YES;
				CLANG_WARN_STRICT_PROTOTYPES = YES;
				CLANG_WARN_SUSPICIOUS_MOVE = YES;
				CLANG_WARN_UNGUARDED_AVAILABILITY = YES_AGGRESSIVE;
				CLANG_WARN_UNREACHABLE_CODE = YES;
				CLANG_WARN__DUPLICATE_METHOD_MATCH = YES;
				COPY_PHASE_STRIP = NO;
				DEBUG_INFORMATION_FORMAT = dwarf;
				ENABLE_STRICT_OBJC_MSGSEND = YES;
				ENABLE_TESTABILITY = YES;
				ENABLE_USER_SCRIPT_SANDBOXING = YES;
				GCC_C_LANGUAGE_STANDARD = gnu17;
				GCC_DYNAMIC_NO_PIC = NO;
				GCC_NO_COMMON_BLOCKS = YES;
				GCC_OPTIMIZATION_LEVEL = 0;
				GCC_PREPROCESSOR_DEFINITIONS = (
					"DEBUG=1",
					"$(inherited)",
				);
				GCC_WARN_64_TO_32_BIT_CONVERSION = YES;
				GCC_WARN_ABOUT_RETURN_TYPE = YES_ERROR;
				GCC_WARN_UNDECLARED_SELECTOR = YES;
				GCC_WARN_UNINITIALIZED_AUTOS = YES_AGGRESSIVE;
				GCC_WARN_UNUSED_FUNCTION = YES;
				GCC_WARN_UNUSED_VARIABLE = YES;
				IPHONEOS_DEPLOYMENT_TARGET = 17.4;
				LOCALIZATION_PREFERS_STRING_CATALOGS = YES;
				MTL_ENABLE_DEBUG_INFO = INCLUDE_SOURCE;
				MTL_FAST_MATH = YES;
				ONLY_ACTIVE_ARCH = YES;
				SDKROOT = iphoneos;
				SWIFT_ACTIVE_COMPILATION_CONDITIONS = "DEBUG $(inherited)";
				SWIFT_OPTIMIZATION_LEVEL = "-Onone";
			};
			name = Debug;
		};
		EF2614322BD0E451007A9C76 /* Release */ = {
			isa = XCBuildConfiguration;
			buildSettings = {
				ALWAYS_SEARCH_USER_PATHS = NO;
				ASSETCATALOG_COMPILER_GENERATE_SWIFT_ASSET_SYMBOL_EXTENSIONS = YES;
				CLANG_ANALYZER_NONNULL = YES;
				CLANG_ANALYZER_NUMBER_OBJECT_CONVERSION = YES_AGGRESSIVE;
				CLANG_CXX_LANGUAGE_STANDARD = "gnu++20";
				CLANG_ENABLE_MODULES = YES;
				CLANG_ENABLE_OBJC_ARC = YES;
				CLANG_ENABLE_OBJC_WEAK = YES;
				CLANG_WARN_BLOCK_CAPTURE_AUTORELEASING = YES;
				CLANG_WARN_BOOL_CONVERSION = YES;
				CLANG_WARN_COMMA = YES;
				CLANG_WARN_CONSTANT_CONVERSION = YES;
				CLANG_WARN_DEPRECATED_OBJC_IMPLEMENTATIONS = YES;
				CLANG_WARN_DIRECT_OBJC_ISA_USAGE = YES_ERROR;
				CLANG_WARN_DOCUMENTATION_COMMENTS = YES;
				CLANG_WARN_EMPTY_BODY = YES;
				CLANG_WARN_ENUM_CONVERSION = YES;
				CLANG_WARN_INFINITE_RECURSION = YES;
				CLANG_WARN_INT_CONVERSION = YES;
				CLANG_WARN_NON_LITERAL_NULL_CONVERSION = YES;
				CLANG_WARN_OBJC_IMPLICIT_RETAIN_SELF = YES;
				CLANG_WARN_OBJC_LITERAL_CONVERSION = YES;
				CLANG_WARN_OBJC_ROOT_CLASS = YES_ERROR;
				CLANG_WARN_QUOTED_INCLUDE_IN_FRAMEWORK_HEADER = YES;
				CLANG_WARN_RANGE_LOOP_ANALYSIS = YES;
				CLANG_WARN_STRICT_PROTOTYPES = YES;
				CLANG_WARN_SUSPICIOUS_MOVE = YES;
				CLANG_WARN_UNGUARDED_AVAILABILITY = YES_AGGRESSIVE;
				CLANG_WARN_UNREACHABLE_CODE = YES;
				CLANG_WARN__DUPLICATE_METHOD_MATCH = YES;
				COPY_PHASE_STRIP = NO;
				DEBUG_INFORMATION_FORMAT = "dwarf-with-dsym";
				ENABLE_NS_ASSERTIONS = NO;
				ENABLE_STRICT_OBJC_MSGSEND = YES;
				ENABLE_USER_SCRIPT_SANDBOXING = YES;
				GCC_C_LANGUAGE_STANDARD = gnu17;
				GCC_NO_COMMON_BLOCKS = YES;
				GCC_WARN_64_TO_32_BIT_CONVERSION = YES;
				GCC_WARN_ABOUT_RETURN_TYPE = YES_ERROR;
				GCC_WARN_UNDECLARED_SELECTOR = YES;
				GCC_WARN_UNINITIALIZED_AUTOS = YES_AGGRESSIVE;
				GCC_WARN_UNUSED_FUNCTION = YES;
				GCC_WARN_UNUSED_VARIABLE = YES;
				IPHONEOS_DEPLOYMENT_TARGET = 17.4;
				LOCALIZATION_PREFERS_STRING_CATALOGS = YES;
				MTL_ENABLE_DEBUG_INFO = NO;
				MTL_FAST_MATH = YES;
				SDKROOT = iphoneos;
				SWIFT_COMPILATION_MODE = wholemodule;
				VALIDATE_PRODUCT = YES;
			};
			name = Release;
		};
		EF2614342BD0E451007A9C76 /* Debug */ = {
			isa = XCBuildConfiguration;
			buildSettings = {
				ASSETCATALOG_COMPILER_APPICON_NAME = AppIcon;
				ASSETCATALOG_COMPILER_GLOBAL_ACCENT_COLOR_NAME = AccentColor;
				CODE_SIGN_STYLE = Automatic;
				CURRENT_PROJECT_VERSION = 1;
				DEVELOPMENT_ASSET_PATHS = "\"iTinder-SwiftUI/Preview Content\"";
				DEVELOPMENT_TEAM = 922L4HAC7Y;
				ENABLE_PREVIEWS = YES;
				GENERATE_INFOPLIST_FILE = YES;
				INFOPLIST_KEY_UIApplicationSceneManifest_Generation = YES;
				INFOPLIST_KEY_UIApplicationSupportsIndirectInputEvents = YES;
				INFOPLIST_KEY_UILaunchScreen_Generation = YES;
				INFOPLIST_KEY_UISupportedInterfaceOrientations_iPad = "UIInterfaceOrientationPortrait UIInterfaceOrientationPortraitUpsideDown UIInterfaceOrientationLandscapeLeft UIInterfaceOrientationLandscapeRight";
				INFOPLIST_KEY_UISupportedInterfaceOrientations_iPhone = "UIInterfaceOrientationPortrait UIInterfaceOrientationLandscapeLeft UIInterfaceOrientationLandscapeRight";
				LD_RUNPATH_SEARCH_PATHS = (
					"$(inherited)",
					"@executable_path/Frameworks",
				);
				MARKETING_VERSION = 1.0;
				PRODUCT_BUNDLE_IDENTIFIER = "com.workwithafridi.iTinder-SwiftUI";
				PRODUCT_NAME = "$(TARGET_NAME)";
				SWIFT_EMIT_LOC_STRINGS = YES;
				SWIFT_VERSION = 5.0;
				TARGETED_DEVICE_FAMILY = "1,2";
			};
			name = Debug;
		};
		EF2614352BD0E451007A9C76 /* Release */ = {
			isa = XCBuildConfiguration;
			buildSettings = {
				ASSETCATALOG_COMPILER_APPICON_NAME = AppIcon;
				ASSETCATALOG_COMPILER_GLOBAL_ACCENT_COLOR_NAME = AccentColor;
				CODE_SIGN_STYLE = Automatic;
				CURRENT_PROJECT_VERSION = 1;
				DEVELOPMENT_ASSET_PATHS = "\"iTinder-SwiftUI/Preview Content\"";
				DEVELOPMENT_TEAM = 922L4HAC7Y;
				ENABLE_PREVIEWS = YES;
				GENERATE_INFOPLIST_FILE = YES;
				INFOPLIST_KEY_UIApplicationSceneManifest_Generation = YES;
				INFOPLIST_KEY_UIApplicationSupportsIndirectInputEvents = YES;
				INFOPLIST_KEY_UILaunchScreen_Generation = YES;
				INFOPLIST_KEY_UISupportedInterfaceOrientations_iPad = "UIInterfaceOrientationPortrait UIInterfaceOrientationPortraitUpsideDown UIInterfaceOrientationLandscapeLeft UIInterfaceOrientationLandscapeRight";
				INFOPLIST_KEY_UISupportedInterfaceOrientations_iPhone = "UIInterfaceOrientationPortrait UIInterfaceOrientationLandscapeLeft UIInterfaceOrientationLandscapeRight";
				LD_RUNPATH_SEARCH_PATHS = (
					"$(inherited)",
					"@executable_path/Frameworks",
				);
				MARKETING_VERSION = 1.0;
				PRODUCT_BUNDLE_IDENTIFIER = "com.workwithafridi.iTinder-SwiftUI";
				PRODUCT_NAME = "$(TARGET_NAME)";
				SWIFT_EMIT_LOC_STRINGS = YES;
				SWIFT_VERSION = 5.0;
				TARGETED_DEVICE_FAMILY = "1,2";
			};
			name = Release;
		};
/* End XCBuildConfiguration section */

/* Begin XCConfigurationList section */
		EF26141E2BD0E450007A9C76 /* Build configuration list for PBXProject "iTinder-SwiftUI" */ = {
			isa = XCConfigurationList;
			buildConfigurations = (
				EF2614312BD0E451007A9C76 /* Debug */,
				EF2614322BD0E451007A9C76 /* Release */,
			);
			defaultConfigurationIsVisible = 0;
			defaultConfigurationName = Release;
		};
		EF2614332BD0E451007A9C76 /* Build configuration list for PBXNativeTarget "iTinder-SwiftUI" */ = {
			isa = XCConfigurationList;
			buildConfigurations = (
				EF2614342BD0E451007A9C76 /* Debug */,
				EF2614352BD0E451007A9C76 /* Release */,
			);
			defaultConfigurationIsVisible = 0;
			defaultConfigurationName = Release;
		};
/* End XCConfigurationList section */

/* Begin XCRemoteSwiftPackageReference section */
		EF2614452BD0E86C007A9C76 /* XCRemoteSwiftPackageReference "swift" */ = {
			isa = XCRemoteSwiftPackageReference;
			repositoryURL = "https://github.com/phosphor-icons/swift";
			requirement = {
				kind = upToNextMajorVersion;
				minimumVersion = 2.1.0;
			};
		};
		EF26144B2BD0EF65007A9C76 /* XCRemoteSwiftPackageReference "SDWebImageSwiftUI" */ = {
			isa = XCRemoteSwiftPackageReference;
			repositoryURL = "https://github.com/SDWebImage/SDWebImageSwiftUI";
			requirement = {
				kind = upToNextMajorVersion;
				minimumVersion = 3.0.2;
			};
		};
		EFDD942E2BEC905E00A71881 /* XCRemoteSwiftPackageReference "SwiftUI-Shimmer" */ = {
			isa = XCRemoteSwiftPackageReference;
			repositoryURL = "https://github.com/markiv/SwiftUI-Shimmer";
			requirement = {
				kind = upToNextMajorVersion;
				minimumVersion = 1.4.2;
			};
		};
/* End XCRemoteSwiftPackageReference section */

/* Begin XCSwiftPackageProductDependency section */
		EF2614462BD0E86C007A9C76 /* PhosphorSwift */ = {
			isa = XCSwiftPackageProductDependency;
			package = EF2614452BD0E86C007A9C76 /* XCRemoteSwiftPackageReference "swift" */;
			productName = PhosphorSwift;
		};
		EF26144C2BD0EF65007A9C76 /* SDWebImageSwiftUI */ = {
			isa = XCSwiftPackageProductDependency;
			package = EF26144B2BD0EF65007A9C76 /* XCRemoteSwiftPackageReference "SDWebImageSwiftUI" */;
			productName = SDWebImageSwiftUI;
		};
		EFDD942F2BEC905E00A71881 /* Shimmer */ = {
			isa = XCSwiftPackageProductDependency;
			package = EFDD942E2BEC905E00A71881 /* XCRemoteSwiftPackageReference "SwiftUI-Shimmer" */;
			productName = Shimmer;
		};
/* End XCSwiftPackageProductDependency section */
	};
	rootObject = EF26141B2BD0E450007A9C76 /* Project object */;
}
